
Microsoft Visual Studio Solution File, Format Version 12.00
# Visual Studio Version 16
VisualStudioVersion = 16.0.31424.327
MinimumVisualStudioVersion = 10.0.40219.1
Project("{FAE04EC0-301F-11D3-BF4B-00C04F79EFBC}") = "MyDictionary", "MyDictionary\MyDictionary.csproj", "{47323869-58BF-4668-9EF9-54C7DF0E5658}"
EndProject
Global
	GlobalSection(SolutionConfigurationPlatforms) = preSolution
		Debug|Any CPU = Debug|Any CPU
		Release|Any CPU = Release|Any CPU
	EndGlobalSection
	GlobalSection(ProjectConfigurationPlatforms) = postSolution
		{47323869-58BF-4668-9EF9-54C7DF0E5658}.Debug|Any CPU.ActiveCfg = Debug|Any CPU
		{47323869-58BF-4668-9EF9-54C7DF0E5658}.Debug|Any CPU.Build.0 = Debug|Any CPU
		{47323869-58BF-4668-9EF9-54C7DF0E5658}.Release|Any CPU.ActiveCfg = Release|Any CPU
		{47323869-58BF-4668-9EF9-54C7DF0E5658}.Release|Any CPU.Build.0 = Release|Any CPU
	EndGlobalSection
	GlobalSection(SolutionProperties) = preSolution
		HideSolutionNode = FALSE
	EndGlobalSection
	GlobalSection(ExtensibilityGlobals) = postSolution
		SolutionGuid = {48417081-8375-4E57-86FB-610B6FC2DF35}
	EndGlobalSection
EndGlobal
